
Microsoft Visual Studio Solution File, Format Version 12.00
# Visual Studio Version 17
VisualStudioVersion = 17.7.34031.279
MinimumVisualStudioVersion = 10.0.40219.1
Project("{FAE04EC0-301F-11D3-BF4B-00C04F79EFBC}") = "AccountsApp", "AccountsApp.csproj", "{9F92DD88-B54C-4D32-B7AB-197E9342080F}"
EndProject
Global
	GlobalSection(SolutionConfigurationPlatforms) = preSolution
		Debug|Any CPU = Debug|Any CPU
		Release|Any CPU = Release|Any CPU
	EndGlobalSection
	GlobalSection(ProjectConfigurationPlatforms) = postSolution
		{9F92DD88-B54C-4D32-B7AB-197E9342080F}.Debug|Any CPU.ActiveCfg = Debug|Any CPU
		{9F92DD88-B54C-4D32-B7AB-197E9342080F}.Debug|Any CPU.Build.0 = Debug|Any CPU
		{9F92DD88-B54C-4D32-B7AB-197E9342080F}.Release|Any CPU.ActiveCfg = Release|Any CPU
		{9F92DD88-B54C-4D32-B7AB-197E9342080F}.Release|Any CPU.Build.0 = Release|Any CPU
	EndGlobalSection
	GlobalSection(SolutionProperties) = preSolution
		HideSolutionNode = FALSE
	EndGlobalSection
	GlobalSection(ExtensibilityGlobals) = postSolution
		SolutionGuid = {1A20E447-2A2F-4380-90AD-E1AFF730C46D}
	EndGlobalSection
EndGlobal
